// !$*UTF8*$!
{
	archiveVersion = 1;
	classes = {
	};
	objectVersion = 55;
	objects = {

/* Begin PBXBuildFile section */
		D6C0088027C43A1300F93756 /* AppDelegate.swift in Sources */ = {isa = PBXBuildFile; fileRef = D6C0087F27C43A1300F93756 /* AppDelegate.swift */; };
		D6C0088227C43A1300F93756 /* SceneDelegate.swift in Sources */ = {isa = PBXBuildFile; fileRef = D6C0088127C43A1300F93756 /* SceneDelegate.swift */; };
		D6C0088427C43A1300F93756 /* HomeController.swift in Sources */ = {isa = PBXBuildFile; fileRef = D6C0088327C43A1300F93756 /* HomeController.swift */; };
		D6C0088727C43A1300F93756 /* Main.storyboard in Resources */ = {isa = PBXBuildFile; fileRef = D6C0088527C43A1300F93756 /* Main.storyboard */; };
		D6C0088927C43A1400F93756 /* Assets.xcassets in Resources */ = {isa = PBXBuildFile; fileRef = D6C0088827C43A1400F93756 /* Assets.xcassets */; };
		D6C0088C27C43A1400F93756 /* LaunchScreen.storyboard in Resources */ = {isa = PBXBuildFile; fileRef = D6C0088A27C43A1400F93756 /* LaunchScreen.storyboard */; };
		D6C0089727C43A1400F93756 /* swiftProjectTests.swift in Sources */ = {isa = PBXBuildFile; fileRef = D6C0089627C43A1400F93756 /* swiftProjectTests.swift */; };
		D6C008A127C43A1400F93756 /* swiftProjectUITests.swift in Sources */ = {isa = PBXBuildFile; fileRef = D6C008A027C43A1400F93756 /* swiftProjectUITests.swift */; };
		D6C008A327C43A1400F93756 /* swiftProjectUITestsLaunchTests.swift in Sources */ = {isa = PBXBuildFile; fileRef = D6C008A227C43A1400F93756 /* swiftProjectUITestsLaunchTests.swift */; };
		D6C008BA27C62AED00F93756 /* ApiManager.swift in Sources */ = {isa = PBXBuildFile; fileRef = D6C008B927C62AED00F93756 /* ApiManager.swift */; };
		D6C008BD27C6603B00F93756 /* Book.swift in Sources */ = {isa = PBXBuildFile; fileRef = D6C008BC27C6603B00F93756 /* Book.swift */; };
		D6C008C027C7AA5600F93756 /* UIImageViewExtension.swift in Sources */ = {isa = PBXBuildFile; fileRef = D6C008BF27C7AA5600F93756 /* UIImageViewExtension.swift */; };
/* End PBXBuildFile section */

/* Begin PBXContainerItemProxy section */
		D6C0089327C43A1400F93756 /* PBXContainerItemProxy */ = {
			isa = PBXContainerItemProxy;
			containerPortal = D6C0087427C43A1300F93756 /* Project object */;
			proxyType = 1;
			remoteGlobalIDString = D6C0087B27C43A1300F93756;
			remoteInfo = swiftProject;
		};
		D6C0089D27C43A1400F93756 /* PBXContainerItemProxy */ = {
			isa = PBXContainerItemProxy;
			containerPortal = D6C0087427C43A1300F93756 /* Project object */;
			proxyType = 1;
			remoteGlobalIDString = D6C0087B27C43A1300F93756;
			remoteInfo = swiftProject;
		};
/* End PBXContainerItemProxy section */

/* Begin PBXFileReference section */
		D6C0087C27C43A1300F93756 /* swiftProject.app */ = {isa = PBXFileReference; explicitFileType = wrapper.application; includeInIndex = 0; path = swiftProject.app; sourceTree = BUILT_PRODUCTS_DIR; };
		D6C0087F27C43A1300F93756 /* AppDelegate.swift */ = {isa = PBXFileReference; lastKnownFileType = sourcecode.swift; path = AppDelegate.swift; sourceTree = "<group>"; };
		D6C0088127C43A1300F93756 /* SceneDelegate.swift */ = {isa = PBXFileReference; lastKnownFileType = sourcecode.swift; path = SceneDelegate.swift; sourceTree = "<group>"; };
		D6C0088327C43A1300F93756 /* HomeController.swift */ = {isa = PBXFileReference; lastKnownFileType = sourcecode.swift; path = HomeController.swift; sourceTree = "<group>"; };
		D6C0088627C43A1300F93756 /* Base */ = {isa = PBXFileReference; lastKnownFileType = file.storyboard; name = Base; path = Base.lproj/Main.storyboard; sourceTree = "<group>"; };
		D6C0088827C43A1400F93756 /* Assets.xcassets */ = {isa = PBXFileReference; lastKnownFileType = folder.assetcatalog; path = Assets.xcassets; sourceTree = "<group>"; };
		D6C0088B27C43A1400F93756 /* Base */ = {isa = PBXFileReference; lastKnownFileType = file.storyboard; name = Base; path = Base.lproj/LaunchScreen.storyboard; sourceTree = "<group>"; };
		D6C0088D27C43A1400F93756 /* Info.plist */ = {isa = PBXFileReference; lastKnownFileType = text.plist.xml; path = Info.plist; sourceTree = "<group>"; };
		D6C0089227C43A1400F93756 /* swiftProjectTests.xctest */ = {isa = PBXFileReference; explicitFileType = wrapper.cfbundle; includeInIndex = 0; path = swiftProjectTests.xctest; sourceTree = BUILT_PRODUCTS_DIR; };
		D6C0089627C43A1400F93756 /* swiftProjectTests.swift */ = {isa = PBXFileReference; lastKnownFileType = sourcecode.swift; path = swiftProjectTests.swift; sourceTree = "<group>"; };
		D6C0089C27C43A1400F93756 /* swiftProjectUITests.xctest */ = {isa = PBXFileReference; explicitFileType = wrapper.cfbundle; includeInIndex = 0; path = swiftProjectUITests.xctest; sourceTree = BUILT_PRODUCTS_DIR; };
		D6C008A027C43A1400F93756 /* swiftProjectUITests.swift */ = {isa = PBXFileReference; lastKnownFileType = sourcecode.swift; path = swiftProjectUITests.swift; sourceTree = "<group>"; };
		D6C008A227C43A1400F93756 /* swiftProjectUITestsLaunchTests.swift */ = {isa = PBXFileReference; lastKnownFileType = sourcecode.swift; path = swiftProjectUITestsLaunchTests.swift; sourceTree = "<group>"; };
		D6C008B927C62AED00F93756 /* ApiManager.swift */ = {isa = PBXFileReference; lastKnownFileType = sourcecode.swift; path = ApiManager.swift; sourceTree = "<group>"; };
		D6C008BC27C6603B00F93756 /* Book.swift */ = {isa = PBXFileReference; lastKnownFileType = sourcecode.swift; path = Book.swift; sourceTree = "<group>"; };
		D6C008BF27C7AA5600F93756 /* UIImageViewExtension.swift */ = {isa = PBXFileReference; lastKnownFileType = sourcecode.swift; path = UIImageViewExtension.swift; sourceTree = "<group>"; };
/* End PBXFileReference section */

/* Begin PBXFrameworksBuildPhase section */
		D6C0087927C43A1300F93756 /* Frameworks */ = {
			isa = PBXFrameworksBuildPhase;
			buildActionMask = 2147483647;
			files = (
			);
			runOnlyForDeploymentPostprocessing = 0;
		};
		D6C0088F27C43A1400F93756 /* Frameworks */ = {
			isa = PBXFrameworksBuildPhase;
			buildActionMask = 2147483647;
			files = (
			);
			runOnlyForDeploymentPostprocessing = 0;
		};
		D6C0089927C43A1400F93756 /* Frameworks */ = {
			isa = PBXFrameworksBuildPhase;
			buildActionMask = 2147483647;
			files = (
			);
			runOnlyForDeploymentPostprocessing = 0;
		};
/* End PBXFrameworksBuildPhase section */

/* Begin PBXGroup section */
		D6C0087327C43A1300F93756 = {
			isa = PBXGroup;
			children = (
				D6C0087E27C43A1300F93756 /* swiftProject */,
				D6C0089527C43A1400F93756 /* swiftProjectTests */,
				D6C0089F27C43A1400F93756 /* swiftProjectUITests */,
				D6C0087D27C43A1300F93756 /* Products */,
			);
			sourceTree = "<group>";
		};
		D6C0087D27C43A1300F93756 /* Products */ = {
			isa = PBXGroup;
			children = (
				D6C0087C27C43A1300F93756 /* swiftProject.app */,
				D6C0089227C43A1400F93756 /* swiftProjectTests.xctest */,
				D6C0089C27C43A1400F93756 /* swiftProjectUITests.xctest */,
			);
			name = Products;
			sourceTree = "<group>";
		};
		D6C0087E27C43A1300F93756 /* swiftProject */ = {
			isa = PBXGroup;
			children = (
				D6C008BE27C7AA3300F93756 /* Extensions */,
				D6C008BB27C6601900F93756 /* Models */,
				D6C008B027C43A3F00F93756 /* Managers */,
				D6C008AF27C43A2F00F93756 /* Controllers */,
				D6C0087F27C43A1300F93756 /* AppDelegate.swift */,
				D6C0088127C43A1300F93756 /* SceneDelegate.swift */,
				D6C0088527C43A1300F93756 /* Main.storyboard */,
				D6C0088827C43A1400F93756 /* Assets.xcassets */,
				D6C0088A27C43A1400F93756 /* LaunchScreen.storyboard */,
				D6C0088D27C43A1400F93756 /* Info.plist */,
			);
			path = swiftProject;
			sourceTree = "<group>";
		};
		D6C0089527C43A1400F93756 /* swiftProjectTests */ = {
			isa = PBXGroup;
			children = (
				D6C0089627C43A1400F93756 /* swiftProjectTests.swift */,
			);
			path = swiftProjectTests;
			sourceTree = "<group>";
		};
		D6C0089F27C43A1400F93756 /* swiftProjectUITests */ = {
			isa = PBXGroup;
			children = (
				D6C008A027C43A1400F93756 /* swiftProjectUITests.swift */,
				D6C008A227C43A1400F93756 /* swiftProjectUITestsLaunchTests.swift */,
			);
			path = swiftProjectUITests;
			sourceTree = "<group>";
		};
		D6C008AF27C43A2F00F93756 /* Controllers */ = {
			isa = PBXGroup;
			children = (
				D6C0088327C43A1300F93756 /* HomeController.swift */,
			);
			path = Controllers;
			sourceTree = "<group>";
		};
		D6C008B027C43A3F00F93756 /* Managers */ = {
			isa = PBXGroup;
			children = (
				D6C008B927C62AED00F93756 /* ApiManager.swift */,
			);
			path = Managers;
			sourceTree = "<group>";
		};
		D6C008BB27C6601900F93756 /* Models */ = {
			isa = PBXGroup;
			children = (
				D6C008BC27C6603B00F93756 /* Book.swift */,
			);
			path = Models;
			sourceTree = "<group>";
		};
		D6C008BE27C7AA3300F93756 /* Extensions */ = {
			isa = PBXGroup;
			children = (
				D6C008BF27C7AA5600F93756 /* UIImageViewExtension.swift */,
			);
			path = Extensions;
			sourceTree = "<group>";
		};
/* End PBXGroup section */

/* Begin PBXNativeTarget section */
		D6C0087B27C43A1300F93756 /* swiftProject */ = {
			isa = PBXNativeTarget;
			buildConfigurationList = D6C008A627C43A1400F93756 /* Build configuration list for PBXNativeTarget "swiftProject" */;
			buildPhases = (
				D6C0087827C43A1300F93756 /* Sources */,
				D6C0087927C43A1300F93756 /* Frameworks */,
				D6C0087A27C43A1300F93756 /* Resources */,
			);
			buildRules = (
			);
			dependencies = (
			);
			name = swiftProject;
			productName = swiftProject;
			productReference = D6C0087C27C43A1300F93756 /* swiftProject.app */;
			productType = "com.apple.product-type.application";
		};
		D6C0089127C43A1400F93756 /* swiftProjectTests */ = {
			isa = PBXNativeTarget;
			buildConfigurationList = D6C008A927C43A1400F93756 /* Build configuration list for PBXNativeTarget "swiftProjectTests" */;
			buildPhases = (
				D6C0088E27C43A1400F93756 /* Sources */,
				D6C0088F27C43A1400F93756 /* Frameworks */,
				D6C0089027C43A1400F93756 /* Resources */,
			);
			buildRules = (
			);
			dependencies = (
				D6C0089427C43A1400F93756 /* PBXTargetDependency */,
			);
			name = swiftProjectTests;
			productName = swiftProjectTests;
			productReference = D6C0089227C43A1400F93756 /* swiftProjectTests.xctest */;
			productType = "com.apple.product-type.bundle.unit-test";
		};
		D6C0089B27C43A1400F93756 /* swiftProjectUITests */ = {
			isa = PBXNativeTarget;
			buildConfigurationList = D6C008AC27C43A1400F93756 /* Build configuration list for PBXNativeTarget "swiftProjectUITests" */;
			buildPhases = (
				D6C0089827C43A1400F93756 /* Sources */,
				D6C0089927C43A1400F93756 /* Frameworks */,
				D6C0089A27C43A1400F93756 /* Resources */,
			);
			buildRules = (
			);
			dependencies = (
				D6C0089E27C43A1400F93756 /* PBXTargetDependency */,
			);
			name = swiftProjectUITests;
			productName = swiftProjectUITests;
			productReference = D6C0089C27C43A1400F93756 /* swiftProjectUITests.xctest */;
			productType = "com.apple.product-type.bundle.ui-testing";
		};
/* End PBXNativeTarget section */

/* Begin PBXProject section */
		D6C0087427C43A1300F93756 /* Project object */ = {
			isa = PBXProject;
			attributes = {
				BuildIndependentTargetsInParallel = 1;
				LastSwiftUpdateCheck = 1320;
				LastUpgradeCheck = 1320;
				TargetAttributes = {
					D6C0087B27C43A1300F93756 = {
						CreatedOnToolsVersion = 13.2.1;
					};
					D6C0089127C43A1400F93756 = {
						CreatedOnToolsVersion = 13.2.1;
						TestTargetID = D6C0087B27C43A1300F93756;
					};
					D6C0089B27C43A1400F93756 = {
						CreatedOnToolsVersion = 13.2.1;
						TestTargetID = D6C0087B27C43A1300F93756;
					};
				};
			};
			buildConfigurationList = D6C0087727C43A1300F93756 /* Build configuration list for PBXProject "swiftProject" */;
			compatibilityVersion = "Xcode 13.0";
			developmentRegion = en;
			hasScannedForEncodings = 0;
			knownRegions = (
				en,
				Base,
			);
			mainGroup = D6C0087327C43A1300F93756;
			productRefGroup = D6C0087D27C43A1300F93756 /* Products */;
			projectDirPath = "";
			projectRoot = "";
			targets = (
				D6C0087B27C43A1300F93756 /* swiftProject */,
				D6C0089127C43A1400F93756 /* swiftProjectTests */,
				D6C0089B27C43A1400F93756 /* swiftProjectUITests */,
			);
		};
/* End PBXProject section */

/* Begin PBXResourcesBuildPhase section */
		D6C0087A27C43A1300F93756 /* Resources */ = {
			isa = PBXResourcesBuildPhase;
			buildActionMask = 2147483647;
			files = (
				D6C0088C27C43A1400F93756 /* LaunchScreen.storyboard in Resources */,
				D6C0088927C43A1400F93756 /* Assets.xcassets in Resources */,
				D6C0088727C43A1300F93756 /* Main.storyboard in Resources */,
			);
			runOnlyForDeploymentPostprocessing = 0;
		};
		D6C0089027C43A1400F93756 /* Resources */ = {
			isa = PBXResourcesBuildPhase;
			buildActionMask = 2147483647;
			files = (
			);
			runOnlyForDeploymentPostprocessing = 0;
		};
		D6C0089A27C43A1400F93756 /* Resources */ = {
			isa = PBXResourcesBuildPhase;
			buildActionMask = 2147483647;
			files = (
			);
			runOnlyForDeploymentPostprocessing = 0;
		};
/* End PBXResourcesBuildPhase section */

/* Begin PBXSourcesBuildPhase section */
		D6C0087827C43A1300F93756 /* Sources */ = {
			isa = PBXSourcesBuildPhase;
			buildActionMask = 2147483647;
			files = (
				D6C008BA27C62AED00F93756 /* ApiManager.swift in Sources */,
				D6C0088427C43A1300F93756 /* HomeController.swift in Sources */,
				D6C008C027C7AA5600F93756 /* UIImageViewExtension.swift in Sources */,
				D6C0088027C43A1300F93756 /* AppDelegate.swift in Sources */,
				D6C008BD27C6603B00F93756 /* Book.swift in Sources */,
				D6C0088227C43A1300F93756 /* SceneDelegate.swift in Sources */,
			);
			runOnlyForDeploymentPostprocessing = 0;
		};
		D6C0088E27C43A1400F93756 /* Sources */ = {
			isa = PBXSourcesBuildPhase;
			buildActionMask = 2147483647;
			files = (
				D6C0089727C43A1400F93756 /* swiftProjectTests.swift in Sources */,
			);
			runOnlyForDeploymentPostprocessing = 0;
		};
		D6C0089827C43A1400F93756 /* Sources */ = {
			isa = PBXSourcesBuildPhase;
			buildActionMask = 2147483647;
			files = (
				D6C008A327C43A1400F93756 /* swiftProjectUITestsLaunchTests.swift in Sources */,
				D6C008A127C43A1400F93756 /* swiftProjectUITests.swift in Sources */,
			);
			runOnlyForDeploymentPostprocessing = 0;
		};
/* End PBXSourcesBuildPhase section */

/* Begin PBXTargetDependency section */
		D6C0089427C43A1400F93756 /* PBXTargetDependency */ = {
			isa = PBXTargetDependency;
			target = D6C0087B27C43A1300F93756 /* swiftProject */;
			targetProxy = D6C0089327C43A1400F93756 /* PBXContainerItemProxy */;
		};
		D6C0089E27C43A1400F93756 /* PBXTargetDependency */ = {
			isa = PBXTargetDependency;
			target = D6C0087B27C43A1300F93756 /* swiftProject */;
			targetProxy = D6C0089D27C43A1400F93756 /* PBXContainerItemProxy */;
		};
/* End PBXTargetDependency section */

/* Begin PBXVariantGroup section */
		D6C0088527C43A1300F93756 /* Main.storyboard */ = {
			isa = PBXVariantGroup;
			children = (
				D6C0088627C43A1300F93756 /* Base */,
			);
			name = Main.storyboard;
			sourceTree = "<group>";
		};
		D6C0088A27C43A1400F93756 /* LaunchScreen.storyboard */ = {
			isa = PBXVariantGroup;
			children = (
				D6C0088B27C43A1400F93756 /* Base */,
			);
			name = LaunchScreen.storyboard;
			sourceTree = "<group>";
		};
/* End PBXVariantGroup section */

/* Begin XCBuildConfiguration section */
		D6C008A427C43A1400F93756 /* Debug */ = {
			isa = XCBuildConfiguration;
			buildSettings = {
				ALWAYS_SEARCH_USER_PATHS = NO;
				CLANG_ANALYZER_NONNULL = YES;
				CLANG_ANALYZER_NUMBER_OBJECT_CONVERSION = YES_AGGRESSIVE;
				CLANG_CXX_LANGUAGE_STANDARD = "gnu++17";
				CLANG_CXX_LIBRARY = "libc++";
				CLANG_ENABLE_MODULES = YES;
				CLANG_ENABLE_OBJC_ARC = YES;
				CLANG_ENABLE_OBJC_WEAK = YES;
				CLANG_WARN_BLOCK_CAPTURE_AUTORELEASING = YES;
				CLANG_WARN_BOOL_CONVERSION = YES;
				CLANG_WARN_COMMA = YES;
				CLANG_WARN_CONSTANT_CONVERSION = YES;
				CLANG_WARN_DEPRECATED_OBJC_IMPLEMENTATIONS = YES;
				CLANG_WARN_DIRECT_OBJC_ISA_USAGE = YES_ERROR;
				CLANG_WARN_DOCUMENTATION_COMMENTS = YES;
				CLANG_WARN_EMPTY_BODY = YES;
				CLANG_WARN_ENUM_CONVERSION = YES;
				CLANG_WARN_INFINITE_RECURSION = YES;
				CLANG_WARN_INT_CONVERSION = YES;
				CLANG_WARN_NON_LITERAL_NULL_CONVERSION = YES;
				CLANG_WARN_OBJC_IMPLICIT_RETAIN_SELF = YES;
				CLANG_WARN_OBJC_LITERAL_CONVERSION = YES;
				CLANG_WARN_OBJC_ROOT_CLASS = YES_ERROR;
				CLANG_WARN_QUOTED_INCLUDE_IN_FRAMEWORK_HEADER = YES;
				CLANG_WARN_RANGE_LOOP_ANALYSIS = YES;
				CLANG_WARN_STRICT_PROTOTYPES = YES;
				CLANG_WARN_SUSPICIOUS_MOVE = YES;
				CLANG_WARN_UNGUARDED_AVAILABILITY = YES_AGGRESSIVE;
				CLANG_WARN_UNREACHABLE_CODE = YES;
				CLANG_WARN__DUPLICATE_METHOD_MATCH = YES;
				COPY_PHASE_STRIP = NO;
				DEBUG_INFORMATION_FORMAT = dwarf;
				ENABLE_STRICT_OBJC_MSGSEND = YES;
				ENABLE_TESTABILITY = YES;
				GCC_C_LANGUAGE_STANDARD = gnu11;
				GCC_DYNAMIC_NO_PIC = NO;
				GCC_NO_COMMON_BLOCKS = YES;
				GCC_OPTIMIZATION_LEVEL = 0;
				GCC_PREPROCESSOR_DEFINITIONS = (
					"DEBUG=1",
					"$(inherited)",
				);
				GCC_WARN_64_TO_32_BIT_CONVERSION = YES;
				GCC_WARN_ABOUT_RETURN_TYPE = YES_ERROR;
				GCC_WARN_UNDECLARED_SELECTOR = YES;
				GCC_WARN_UNINITIALIZED_AUTOS = YES_AGGRESSIVE;
				GCC_WARN_UNUSED_FUNCTION = YES;
				GCC_WARN_UNUSED_VARIABLE = YES;
				IPHONEOS_DEPLOYMENT_TARGET = 15.2;
				MTL_ENABLE_DEBUG_INFO = INCLUDE_SOURCE;
				MTL_FAST_MATH = YES;
				ONLY_ACTIVE_ARCH = YES;
				SDKROOT = iphoneos;
				SWIFT_ACTIVE_COMPILATION_CONDITIONS = DEBUG;
				SWIFT_OPTIMIZATION_LEVEL = "-Onone";
			};
			name = Debug;
		};
		D6C008A527C43A1400F93756 /* Release */ = {
			isa = XCBuildConfiguration;
			buildSettings = {
				ALWAYS_SEARCH_USER_PATHS = NO;
				CLANG_ANALYZER_NONNULL = YES;
				CLANG_ANALYZER_NUMBER_OBJECT_CONVERSION = YES_AGGRESSIVE;
				CLANG_CXX_LANGUAGE_STANDARD = "gnu++17";
				CLANG_CXX_LIBRARY = "libc++";
				CLANG_ENABLE_MODULES = YES;
				CLANG_ENABLE_OBJC_ARC = YES;
				CLANG_ENABLE_OBJC_WEAK = YES;
				CLANG_WARN_BLOCK_CAPTURE_AUTORELEASING = YES;
				CLANG_WARN_BOOL_CONVERSION = YES;
				CLANG_WARN_COMMA = YES;
				CLANG_WARN_CONSTANT_CONVERSION = YES;
				CLANG_WARN_DEPRECATED_OBJC_IMPLEMENTATIONS = YES;
				CLANG_WARN_DIRECT_OBJC_ISA_USAGE = YES_ERROR;
				CLANG_WARN_DOCUMENTATION_COMMENTS = YES;
				CLANG_WARN_EMPTY_BODY = YES;
				CLANG_WARN_ENUM_CONVERSION = YES;
				CLANG_WARN_INFINITE_RECURSION = YES;
				CLANG_WARN_INT_CONVERSION = YES;
				CLANG_WARN_NON_LITERAL_NULL_CONVERSION = YES;
				CLANG_WARN_OBJC_IMPLICIT_RETAIN_SELF = YES;
				CLANG_WARN_OBJC_LITERAL_CONVERSION = YES;
				CLANG_WARN_OBJC_ROOT_CLASS = YES_ERROR;
				CLANG_WARN_QUOTED_INCLUDE_IN_FRAMEWORK_HEADER = YES;
				CLANG_WARN_RANGE_LOOP_ANALYSIS = YES;
				CLANG_WARN_STRICT_PROTOTYPES = YES;
				CLANG_WARN_SUSPICIOUS_MOVE = YES;
				CLANG_WARN_UNGUARDED_AVAILABILITY = YES_AGGRESSIVE;
				CLANG_WARN_UNREACHABLE_CODE = YES;
				CLANG_WARN__DUPLICATE_METHOD_MATCH = YES;
				COPY_PHASE_STRIP = NO;
				DEBUG_INFORMATION_FORMAT = "dwarf-with-dsym";
				ENABLE_NS_ASSERTIONS = NO;
				ENABLE_STRICT_OBJC_MSGSEND = YES;
				GCC_C_LANGUAGE_STANDARD = gnu11;
				GCC_NO_COMMON_BLOCKS = YES;
				GCC_WARN_64_TO_32_BIT_CONVERSION = YES;
				GCC_WARN_ABOUT_RETURN_TYPE = YES_ERROR;
				GCC_WARN_UNDECLARED_SELECTOR = YES;
				GCC_WARN_UNINITIALIZED_AUTOS = YES_AGGRESSIVE;
				GCC_WARN_UNUSED_FUNCTION = YES;
				GCC_WARN_UNUSED_VARIABLE = YES;
				IPHONEOS_DEPLOYMENT_TARGET = 15.2;
				MTL_ENABLE_DEBUG_INFO = NO;
				MTL_FAST_MATH = YES;
				SDKROOT = iphoneos;
				SWIFT_COMPILATION_MODE = wholemodule;
				SWIFT_OPTIMIZATION_LEVEL = "-O";
				VALIDATE_PRODUCT = YES;
			};
			name = Release;
		};
		D6C008A727C43A1400F93756 /* Debug */ = {
			isa = XCBuildConfiguration;
			buildSettings = {
				ASSETCATALOG_COMPILER_APPICON_NAME = AppIcon;
				ASSETCATALOG_COMPILER_GLOBAL_ACCENT_COLOR_NAME = AccentColor;
				CODE_SIGN_STYLE = Automatic;
				CURRENT_PROJECT_VERSION = 1;
				DEVELOPMENT_TEAM = S5A9MDVMNU;
				GENERATE_INFOPLIST_FILE = YES;
				INFOPLIST_FILE = swiftProject/Info.plist;
				INFOPLIST_KEY_UIApplicationSupportsIndirectInputEvents = YES;
				INFOPLIST_KEY_UILaunchStoryboardName = LaunchScreen;
				INFOPLIST_KEY_UIMainStoryboardFile = Main;
				INFOPLIST_KEY_UISupportedInterfaceOrientations_iPad = "UIInterfaceOrientationPortrait UIInterfaceOrientationPortraitUpsideDown UIInterfaceOrientationLandscapeLeft UIInterfaceOrientationLandscapeRight";
				INFOPLIST_KEY_UISupportedInterfaceOrientations_iPhone = "UIInterfaceOrientationPortrait UIInterfaceOrientationLandscapeLeft UIInterfaceOrientationLandscapeRight";
				LD_RUNPATH_SEARCH_PATHS = (
					"$(inherited)",
					"@executable_path/Frameworks",
				);
				MARKETING_VERSION = 1.0;
				PRODUCT_BUNDLE_IDENTIFIER = com.sample.swiftProject;
				PRODUCT_NAME = "$(TARGET_NAME)";
				SWIFT_EMIT_LOC_STRINGS = YES;
				SWIFT_VERSION = 5.0;
				TARGETED_DEVICE_FAMILY = "1,2";
			};
			name = Debug;
		};
		D6C008A827C43A1400F93756 /* Release */ = {
			isa = XCBuildConfiguration;
			buildSettings = {
				ASSETCATALOG_COMPILER_APPICON_NAME = AppIcon;
				ASSETCATALOG_COMPILER_GLOBAL_ACCENT_COLOR_NAME = AccentColor;
				CODE_SIGN_STYLE = Automatic;
				CURRENT_PROJECT_VERSION = 1;
				DEVELOPMENT_TEAM = S5A9MDVMNU;
				GENERATE_INFOPLIST_FILE = YES;
				INFOPLIST_FILE = swiftProject/Info.plist;
				INFOPLIST_KEY_UIApplicationSupportsIndirectInputEvents = YES;
				INFOPLIST_KEY_UILaunchStoryboardName = LaunchScreen;
				INFOPLIST_KEY_UIMainStoryboardFile = Main;
				INFOPLIST_KEY_UISupportedInterfaceOrientations_iPad = "UIInterfaceOrientationPortrait UIInterfaceOrientationPortraitUpsideDown UIInterfaceOrientationLandscapeLeft UIInterfaceOrientationLandscapeRight";
				INFOPLIST_KEY_UISupportedInterfaceOrientations_iPhone = "UIInterfaceOrientationPortrait UIInterfaceOrientationLandscapeLeft UIInterfaceOrientationLandscapeRight";
				LD_RUNPATH_SEARCH_PATHS = (
					"$(inherited)",
					"@executable_path/Frameworks",
				);
				MARKETING_VERSION = 1.0;
				PRODUCT_BUNDLE_IDENTIFIER = com.sample.swiftProject;
				PRODUCT_NAME = "$(TARGET_NAME)";
				SWIFT_EMIT_LOC_STRINGS = YES;
				SWIFT_VERSION = 5.0;
				TARGETED_DEVICE_FAMILY = "1,2";
			};
			name = Release;
		};
		D6C008AA27C43A1400F93756 /* Debug */ = {
			isa = XCBuildConfiguration;
			buildSettings = {
				ALWAYS_EMBED_SWIFT_STANDARD_LIBRARIES = YES;
				BUNDLE_LOADER = "$(TEST_HOST)";
				CODE_SIGN_STYLE = Automatic;
				CURRENT_PROJECT_VERSION = 1;
				DEVELOPMENT_TEAM = S5A9MDVMNU;
				GENERATE_INFOPLIST_FILE = YES;
				IPHONEOS_DEPLOYMENT_TARGET = 15.2;
				MARKETING_VERSION = 1.0;
				PRODUCT_BUNDLE_IDENTIFIER = com.sample.swiftProjectTests;
				PRODUCT_NAME = "$(TARGET_NAME)";
				SWIFT_EMIT_LOC_STRINGS = NO;
				SWIFT_VERSION = 5.0;
				TARGETED_DEVICE_FAMILY = "1,2";
				TEST_HOST = "$(BUILT_PRODUCTS_DIR)/swiftProject.app/swiftProject";
			};
			name = Debug;
		};
		D6C008AB27C43A1400F93756 /* Release */ = {
			isa = XCBuildConfiguration;
			buildSettings = {
				ALWAYS_EMBED_SWIFT_STANDARD_LIBRARIES = YES;
				BUNDLE_LOADER = "$(TEST_HOST)";
				CODE_SIGN_STYLE = Automatic;
				CURRENT_PROJECT_VERSION = 1;
				DEVELOPMENT_TEAM = S5A9MDVMNU;
				GENERATE_INFOPLIST_FILE = YES;
				IPHONEOS_DEPLOYMENT_TARGET = 15.2;
				MARKETING_VERSION = 1.0;
				PRODUCT_BUNDLE_IDENTIFIER = com.sample.swiftProjectTests;
				PRODUCT_NAME = "$(TARGET_NAME)";
				SWIFT_EMIT_LOC_STRINGS = NO;
				SWIFT_VERSION = 5.0;
				TARGETED_DEVICE_FAMILY = "1,2";
				TEST_HOST = "$(BUILT_PRODUCTS_DIR)/swiftProject.app/swiftProject";
			};
			name = Release;
		};
		D6C008AD27C43A1400F93756 /* Debug */ = {
			isa = XCBuildConfiguration;
			buildSettings = {
				ALWAYS_EMBED_SWIFT_STANDARD_LIBRARIES = YES;
				CODE_SIGN_STYLE = Automatic;
				CURRENT_PROJECT_VERSION = 1;
				DEVELOPMENT_TEAM = S5A9MDVMNU;
				GENERATE_INFOPLIST_FILE = YES;
				MARKETING_VERSION = 1.0;
				PRODUCT_BUNDLE_IDENTIFIER = com.sample.swiftProjectUITests;
				PRODUCT_NAME = "$(TARGET_NAME)";
				SWIFT_EMIT_LOC_STRINGS = NO;
				SWIFT_VERSION = 5.0;
				TARGETED_DEVICE_FAMILY = "1,2";
				TEST_TARGET_NAME = swiftProject;
			};
			name = Debug;
		};
		D6C008AE27C43A1400F93756 /* Release */ = {
			isa = XCBuildConfiguration;
			buildSettings = {
				ALWAYS_EMBED_SWIFT_STANDARD_LIBRARIES = YES;
				CODE_SIGN_STYLE = Automatic;
				CURRENT_PROJECT_VERSION = 1;
				DEVELOPMENT_TEAM = S5A9MDVMNU;
				GENERATE_INFOPLIST_FILE = YES;
				MARKETING_VERSION = 1.0;
				PRODUCT_BUNDLE_IDENTIFIER = com.sample.swiftProjectUITests;
				PRODUCT_NAME = "$(TARGET_NAME)";
				SWIFT_EMIT_LOC_STRINGS = NO;
				SWIFT_VERSION = 5.0;
				TARGETED_DEVICE_FAMILY = "1,2";
				TEST_TARGET_NAME = swiftProject;
			};
			name = Release;
		};
/* End XCBuildConfiguration section */

/* Begin XCConfigurationList section */
		D6C0087727C43A1300F93756 /* Build configuration list for PBXProject "swiftProject" */ = {
			isa = XCConfigurationList;
			buildConfigurations = (
				D6C008A427C43A1400F93756 /* Debug */,
				D6C008A527C43A1400F93756 /* Release */,
			);
			defaultConfigurationIsVisible = 0;
			defaultConfigurationName = Release;
		};
		D6C008A627C43A1400F93756 /* Build configuration list for PBXNativeTarget "swiftProject" */ = {
			isa = XCConfigurationList;
			buildConfigurations = (
				D6C008A727C43A1400F93756 /* Debug */,
				D6C008A827C43A1400F93756 /* Release */,
			);
			defaultConfigurationIsVisible = 0;
			defaultConfigurationName = Release;
		};
		D6C008A927C43A1400F93756 /* Build configuration list for PBXNativeTarget "swiftProjectTests" */ = {
			isa = XCConfigurationList;
			buildConfigurations = (
				D6C008AA27C43A1400F93756 /* Debug */,
				D6C008AB27C43A1400F93756 /* Release */,
			);
			defaultConfigurationIsVisible = 0;
			defaultConfigurationName = Release;
		};
		D6C008AC27C43A1400F93756 /* Build configuration list for PBXNativeTarget "swiftProjectUITests" */ = {
			isa = XCConfigurationList;
			buildConfigurations = (
				D6C008AD27C43A1400F93756 /* Debug */,
				D6C008AE27C43A1400F93756 /* Release */,
			);
			defaultConfigurationIsVisible = 0;
			defaultConfigurationName = Release;
		};
/* End XCConfigurationList section */
	};
	rootObject = D6C0087427C43A1300F93756 /* Project object */;
}
